// !$*UTF8*$!
{
	archiveVersion = 1;
	classes = {};
	objectVersion = 56;
	objects = {
		54C498EE34C6891C407E5FD5 /* PiecesTaskApp.swift */ = {
			isa = PBXFileReference;
			lastKnownFileType = sourcecode.swift;
			path = "PiecesTask/PiecesTaskApp.swift";
			sourceTree = SOURCE_ROOT;
		};
		021AFD7E462C0904419BDA37 /* AttentionItem.swift */ = {
			isa = PBXFileReference;
			lastKnownFileType = sourcecode.swift;
			path = "PiecesTask/Models/AttentionItem.swift";
			sourceTree = SOURCE_ROOT;
		};
		E6B501FE56BA780C0841A880 /* FollowUpItemID.swift */ = {
			isa = PBXFileReference;
			lastKnownFileType = sourcecode.swift;
			path = "PiecesTask/Models/FollowUpItemID.swift";
			sourceTree = SOURCE_ROOT;
		};
		E50F99E24AD8A0736AFD8D6E /* MenuBarStatusIcon.swift */ = {
			isa = PBXFileReference;
			lastKnownFileType = sourcecode.swift;
			path = "PiecesTask/Components/MenuBarStatusIcon.swift";
			sourceTree = SOURCE_ROOT;
		};
		5372CAF035A1E765F380D8A7 /* MenuBarStatusLabel.swift */ = {
			isa = PBXFileReference;
			lastKnownFileType = sourcecode.swift;
			path = "PiecesTask/Components/MenuBarStatusLabel.swift";
			sourceTree = SOURCE_ROOT;
		};
		B4AFB333D3E41A3F2498FD55 /* MissingRowView.swift */ = {
			isa = PBXFileReference;
			lastKnownFileType = sourcecode.swift;
			path = "PiecesTask/Components/MissingRowView.swift";
			sourceTree = SOURCE_ROOT;
		};
		31BF7B27B702F08A1F2F1631 /* PiecesUI.swift */ = {
			isa = PBXFileReference;
			lastKnownFileType = sourcecode.swift;
			path = "PiecesTask/Components/PiecesUI.swift";
			sourceTree = SOURCE_ROOT;
		};
		D6A193493849E2A59A76A0ED /* PopoverGlassBackground.swift */ = {
			isa = PBXFileReference;
			lastKnownFileType = sourcecode.swift;
			path = "PiecesTask/Components/PopoverGlassBackground.swift";
			sourceTree = SOURCE_ROOT;
		};
		88EBEB2C6B19E42972892607 /* PopoverMotion.swift */ = {
			isa = PBXFileReference;
			lastKnownFileType = sourcecode.swift;
			path = "PiecesTask/Components/PopoverMotion.swift";
			sourceTree = SOURCE_ROOT;
		};
		2049C339E79BF172226A66B6 /* RootPopoverView.swift */ = {
			isa = PBXFileReference;
			lastKnownFileType = sourcecode.swift;
			path = "PiecesTask/Views/RootPopoverView.swift";
			sourceTree = SOURCE_ROOT;
		};
		CB53599E17230252E1C5C7D8 /* SettingsView.swift */ = {
			isa = PBXFileReference;
			lastKnownFileType = sourcecode.swift;
			path = "PiecesTask/Views/SettingsView.swift";
			sourceTree = SOURCE_ROOT;
		};
		51471E2242BF25E91AF7094B /* AppDelegate.swift */ = {
			isa = PBXFileReference;
			lastKnownFileType = sourcecode.swift;
			path = "PiecesTask/Services/AppDelegate.swift";
			sourceTree = SOURCE_ROOT;
		};
		B8622BE206A045CED3DAF6D6 /* AppSettings.swift */ = {
			isa = PBXFileReference;
			lastKnownFileType = sourcecode.swift;
			path = "PiecesTask/Services/AppSettings.swift";
			sourceTree = SOURCE_ROOT;
		};
		7D4BA79388C40E5C331BD9A4 /* AppState.swift */ = {
			isa = PBXFileReference;
			lastKnownFileType = sourcecode.swift;
			path = "PiecesTask/Services/AppState.swift";
			sourceTree = SOURCE_ROOT;
		};
		341BC247C97E655FB4FFE5C6 /* MenuBarRightClickMenu.swift */ = {
			isa = PBXFileReference;
			lastKnownFileType = sourcecode.swift;
			path = "PiecesTask/Services/MenuBarRightClickMenu.swift";
			sourceTree = SOURCE_ROOT;
		};
		EE86AC2A292105C334A8EDB1 /* MenuBarStatusItemFinder.swift */ = {
			isa = PBXFileReference;
			lastKnownFileType = sourcecode.swift;
			path = "PiecesTask/Services/MenuBarStatusItemFinder.swift";
			sourceTree = SOURCE_ROOT;
		};
		F05FDB9B7C24ED9804748DB9 /* PiecesNextStepsParser.swift */ = {
			isa = PBXFileReference;
			lastKnownFileType = sourcecode.swift;
			path = "PiecesTask/Services/PiecesNextStepsParser.swift";
			sourceTree = SOURCE_ROOT;
		};
		C3A51897183EDEFE2CAB4B40 /* PiecesService.swift */ = {
			isa = PBXFileReference;
			lastKnownFileType = sourcecode.swift;
			path = "PiecesTask/Services/PiecesService.swift";
			sourceTree = SOURCE_ROOT;
		};
		C3783227C560D3A3BA43E2B6 /* SettingsWindowPresenter.swift */ = {
			isa = PBXFileReference;
			lastKnownFileType = sourcecode.swift;
			path = "PiecesTask/Services/SettingsWindowPresenter.swift";
			sourceTree = SOURCE_ROOT;
		};
		0E068260829727583A748131 /* PiecesTaskAssets.xcassets */ = {
			isa = PBXFileReference;
			lastKnownFileType = folder.assetcatalog;
			path = "PiecesTaskAssets.xcassets";
			sourceTree = SOURCE_ROOT;
		};
		A734CCEF338A717792A212FE /* PiecesTask.app */ = {
			isa = PBXFileReference;
			explicitFileType = wrapper.application;
			includeInIndex = 0;
			path = "PiecesTask.app";
			sourceTree = BUILT_PRODUCTS_DIR;
		};
		0035FE99EA2940F7FA633A58 = {
			isa = PBXGroup;
			children = (
				5BAB63C60BF318DAB40A4F04 /* Products */,
				0E068260829727583A748131 /* PiecesTaskAssets.xcassets */,
				54C498EE34C6891C407E5FD5 /* PiecesTaskApp.swift */,
				021AFD7E462C0904419BDA37 /* AttentionItem.swift */,
				E6B501FE56BA780C0841A880 /* FollowUpItemID.swift */,
				E50F99E24AD8A0736AFD8D6E /* MenuBarStatusIcon.swift */,
				5372CAF035A1E765F380D8A7 /* MenuBarStatusLabel.swift */,
				B4AFB333D3E41A3F2498FD55 /* MissingRowView.swift */,
				31BF7B27B702F08A1F2F1631 /* PiecesUI.swift */,
				D6A193493849E2A59A76A0ED /* PopoverGlassBackground.swift */,
				88EBEB2C6B19E42972892607 /* PopoverMotion.swift */,
				2049C339E79BF172226A66B6 /* RootPopoverView.swift */,
				CB53599E17230252E1C5C7D8 /* SettingsView.swift */,
				51471E2242BF25E91AF7094B /* AppDelegate.swift */,
				B8622BE206A045CED3DAF6D6 /* AppSettings.swift */,
				7D4BA79388C40E5C331BD9A4 /* AppState.swift */,
				341BC247C97E655FB4FFE5C6 /* MenuBarRightClickMenu.swift */,
				EE86AC2A292105C334A8EDB1 /* MenuBarStatusItemFinder.swift */,
				F05FDB9B7C24ED9804748DB9 /* PiecesNextStepsParser.swift */,
				C3A51897183EDEFE2CAB4B40 /* PiecesService.swift */,
				C3783227C560D3A3BA43E2B6 /* SettingsWindowPresenter.swift */,
			);
			sourceTree = SOURCE_ROOT;
		};
		5BAB63C60BF318DAB40A4F04 = {
			isa = PBXGroup;
			children = (
				A734CCEF338A717792A212FE /* PiecesTask.app */,
			);
			name = Products;
			sourceTree = SOURCE_ROOT;
		};
		515196D777AF8F92E89E1B1F /* PiecesTaskApp.swift in Sources */ = {
			isa = PBXBuildFile;
			fileRef = 54C498EE34C6891C407E5FD5;
		};
		F3D192FF9A2E1BDCDE694E78 /* AttentionItem.swift in Sources */ = {
			isa = PBXBuildFile;
			fileRef = 021AFD7E462C0904419BDA37;
		};
		A1C0B307B5618642E9A88A8A /* FollowUpItemID.swift in Sources */ = {
			isa = PBXBuildFile;
			fileRef = E6B501FE56BA780C0841A880;
		};
		3C882F2A91F2FEBDED91514A /* MenuBarStatusIcon.swift in Sources */ = {
			isa = PBXBuildFile;
			fileRef = E50F99E24AD8A0736AFD8D6E;
		};
		30BA49A2098ABBD4FCEC5993 /* MenuBarStatusLabel.swift in Sources */ = {
			isa = PBXBuildFile;
			fileRef = 5372CAF035A1E765F380D8A7;
		};
		3F939646E780445308E5D0DD /* MissingRowView.swift in Sources */ = {
			isa = PBXBuildFile;
			fileRef = B4AFB333D3E41A3F2498FD55;
		};
		ABF1315843597A01463D75B3 /* PiecesUI.swift in Sources */ = {
			isa = PBXBuildFile;
			fileRef = 31BF7B27B702F08A1F2F1631;
		};
		B2C80D9C8095BDE2101215F0 /* PopoverGlassBackground.swift in Sources */ = {
			isa = PBXBuildFile;
			fileRef = D6A193493849E2A59A76A0ED;
		};
		70AD4157296C0BE432BEF6BA /* PopoverMotion.swift in Sources */ = {
			isa = PBXBuildFile;
			fileRef = 88EBEB2C6B19E42972892607;
		};
		468B0F8EC01654A0E3159A4B /* RootPopoverView.swift in Sources */ = {
			isa = PBXBuildFile;
			fileRef = 2049C339E79BF172226A66B6;
		};
		2DFD7D442E0E72F2E6C7AB71 /* SettingsView.swift in Sources */ = {
			isa = PBXBuildFile;
			fileRef = CB53599E17230252E1C5C7D8;
		};
		4CB56A49F1D2D25E7156AD51 /* AppDelegate.swift in Sources */ = {
			isa = PBXBuildFile;
			fileRef = 51471E2242BF25E91AF7094B;
		};
		6D96E22A050A5275FFCD33C4 /* AppSettings.swift in Sources */ = {
			isa = PBXBuildFile;
			fileRef = B8622BE206A045CED3DAF6D6;
		};
		19F166A774BB71F740727F31 /* AppState.swift in Sources */ = {
			isa = PBXBuildFile;
			fileRef = 7D4BA79388C40E5C331BD9A4;
		};
		5B1A3A0DCFAF75F6F4CBD243 /* MenuBarRightClickMenu.swift in Sources */ = {
			isa = PBXBuildFile;
			fileRef = 341BC247C97E655FB4FFE5C6;
		};
		153F7FC0228F6EEAB179FC2B /* MenuBarStatusItemFinder.swift in Sources */ = {
			isa = PBXBuildFile;
			fileRef = EE86AC2A292105C334A8EDB1;
		};
		9EAF47A93B8A768B95CEEFFE /* PiecesNextStepsParser.swift in Sources */ = {
			isa = PBXBuildFile;
			fileRef = F05FDB9B7C24ED9804748DB9;
		};
		A86A23F2FC7A8C9B81822122 /* PiecesService.swift in Sources */ = {
			isa = PBXBuildFile;
			fileRef = C3A51897183EDEFE2CAB4B40;
		};
		C863C7F93009DBA8E9654462 /* SettingsWindowPresenter.swift in Sources */ = {
			isa = PBXBuildFile;
			fileRef = C3783227C560D3A3BA43E2B6;
		};
		4C5C8C81FB81F8595D189578 /* PiecesTaskAssets.xcassets in Resources */ = {
			isa = PBXBuildFile;
			fileRef = 0E068260829727583A748131;
		};
		9E440566B19C12EF065B2306 = {
			isa = PBXNativeTarget;
			buildConfigurationList = 6CE969E4282D97D68D1426C9;
			buildPhases = (
				25C0F6508062A578DA9C6120,
				4F0E9CC917A96D222D322AB3,
			);
			buildRules = (
			);
			dependencies = (
			);
			name = "PiecesTask";
			productName = "PiecesTask";
			productReference = A734CCEF338A717792A212FE;
			productType = "com.apple.product-type.application";
		};
		25C0F6508062A578DA9C6120 = {
			isa = PBXSourcesBuildPhase;
			runOnlyForDeploymentPostprocessing = 0;
			files = (
				515196D777AF8F92E89E1B1F,
				F3D192FF9A2E1BDCDE694E78,
				A1C0B307B5618642E9A88A8A,
				3C882F2A91F2FEBDED91514A,
				30BA49A2098ABBD4FCEC5993,
				3F939646E780445308E5D0DD,
				ABF1315843597A01463D75B3,
				B2C80D9C8095BDE2101215F0,
				70AD4157296C0BE432BEF6BA,
				468B0F8EC01654A0E3159A4B,
				2DFD7D442E0E72F2E6C7AB71,
				4CB56A49F1D2D25E7156AD51,
				6D96E22A050A5275FFCD33C4,
				19F166A774BB71F740727F31,
				5B1A3A0DCFAF75F6F4CBD243,
				153F7FC0228F6EEAB179FC2B,
				9EAF47A93B8A768B95CEEFFE,
				A86A23F2FC7A8C9B81822122,
				C863C7F93009DBA8E9654462,
			);
		};
		4F0E9CC917A96D222D322AB3 = {
			isa = PBXResourcesBuildPhase;
			runOnlyForDeploymentPostprocessing = 0;
			files = (
				4C5C8C81FB81F8595D189578,
			);
		};
		6CE969E4282D97D68D1426C9 = {
			isa = XCConfigurationList;
			buildConfigurations = (
				66D09403F7849D9854AC511F /* Debug */,
				3FBDF53BA0E005C02AB9F439 /* Release */,
			);
			defaultConfigurationIsVisible = 0;
			defaultConfigurationName = Release;
		};
		66D09403F7849D9854AC511F /* Debug */ = {
			isa = XCBuildConfiguration;
			buildSettings = {
				ASSETCATALOG_COMPILER_APPICON_NAME = AppIcon;
				CODE_SIGN_STYLE = Automatic;
				COMBINE_HIDPI_IMAGES = YES;
				ENABLE_PREVIEWS = YES;
				INFOPLIST_FILE = "PiecesTask/Info.plist";
				LD_RUNPATH_SEARCH_PATHS = (
					"$(inherited)",
					"@executable_path/../Frameworks",
				);
				MACOSX_DEPLOYMENT_TARGET = 14.0;
				PRODUCT_BUNDLE_IDENTIFIER = app.piecestask;
				PRODUCT_NAME = "$(TARGET_NAME)";
				SWIFT_VERSION = 6.0;
			};
			name = Debug;
		};
		3FBDF53BA0E005C02AB9F439 /* Release */ = {
			isa = XCBuildConfiguration;
			buildSettings = {
				ASSETCATALOG_COMPILER_APPICON_NAME = AppIcon;
				CODE_SIGN_STYLE = Automatic;
				COMBINE_HIDPI_IMAGES = YES;
				ENABLE_PREVIEWS = YES;
				INFOPLIST_FILE = "PiecesTask/Info.plist";
				LD_RUNPATH_SEARCH_PATHS = (
					"$(inherited)",
					"@executable_path/../Frameworks",
				);
				MACOSX_DEPLOYMENT_TARGET = 14.0;
				PRODUCT_BUNDLE_IDENTIFIER = app.piecestask;
				PRODUCT_NAME = "$(TARGET_NAME)";
				SWIFT_VERSION = 6.0;
			};
			name = Release;
		};
		EC553E7FBC3AD0AD7AB94BDF = {
			isa = PBXProject;
			attributes = { BuildIndependentTargetsInParallel = 1; };
			buildConfigurationList = 6CE969E4282D97D68D1426C9;
			compatibilityVersion = "Xcode 15.0";
			developmentRegion = en;
			hasScannedForEncodings = 0;
			knownRegions = (en, Base);
			mainGroup = 0035FE99EA2940F7FA633A58;
			productRefGroup = 5BAB63C60BF318DAB40A4F04;
			projectDirPath = "";
			projectRoot = "";
			targets = (9E440566B19C12EF065B2306,);
		};
	};
	rootObject = EC553E7FBC3AD0AD7AB94BDF /* Project object */;
}